// !$*UTF8*$!
{
	archiveVersion = 1;
	classes = {
	};
	objectVersion = 50;
	objects = {

/* Begin PBXBuildFile section */
		B0496213233DDAE800073703 /* Friend+CoreDataClass.swift in Sources */ = {isa = PBXBuildFile; fileRef = B0496211233DDAE800073703 /* Friend+CoreDataClass.swift */; };
		B0496214233DDAE800073703 /* Friend+CoreDataProperties.swift in Sources */ = {isa = PBXBuildFile; fileRef = B0496212233DDAE800073703 /* Friend+CoreDataProperties.swift */; };
		B0F56621233DD18E001D0674 /* AppDelegate.swift in Sources */ = {isa = PBXBuildFile; fileRef = B0F56620233DD18E001D0674 /* AppDelegate.swift */; };
		B0F56623233DD18E001D0674 /* SceneDelegate.swift in Sources */ = {isa = PBXBuildFile; fileRef = B0F56622233DD18E001D0674 /* SceneDelegate.swift */; };
		B0F56625233DD18E001D0674 /* ViewController.swift in Sources */ = {isa = PBXBuildFile; fileRef = B0F56624233DD18E001D0674 /* ViewController.swift */; };
		B0F56628233DD18E001D0674 /* Main.storyboard in Resources */ = {isa = PBXBuildFile; fileRef = B0F56626233DD18E001D0674 /* Main.storyboard */; };
		B0F5662B233DD18E001D0674 /* PetPal.xcdatamodeld in Sources */ = {isa = PBXBuildFile; fileRef = B0F56629233DD18E001D0674 /* PetPal.xcdatamodeld */; };
		B0F5662D233DD18F001D0674 /* Assets.xcassets in Resources */ = {isa = PBXBuildFile; fileRef = B0F5662C233DD18F001D0674 /* Assets.xcassets */; };
		B0F56630233DD18F001D0674 /* LaunchScreen.storyboard in Resources */ = {isa = PBXBuildFile; fileRef = B0F5662E233DD18F001D0674 /* LaunchScreen.storyboard */; };
/* End PBXBuildFile section */

/* Begin PBXFileReference section */
		B0496211233DDAE800073703 /* Friend+CoreDataClass.swift */ = {isa = PBXFileReference; lastKnownFileType = sourcecode.swift; path = "Friend+CoreDataClass.swift"; sourceTree = "<group>"; };
		B0496212233DDAE800073703 /* Friend+CoreDataProperties.swift */ = {isa = PBXFileReference; lastKnownFileType = sourcecode.swift; path = "Friend+CoreDataProperties.swift"; sourceTree = "<group>"; };
		B0F5661D233DD18E001D0674 /* PetPal.app */ = {isa = PBXFileReference; explicitFileType = wrapper.application; includeInIndex = 0; path = PetPal.app; sourceTree = BUILT_PRODUCTS_DIR; };
		B0F56620233DD18E001D0674 /* AppDelegate.swift */ = {isa = PBXFileReference; lastKnownFileType = sourcecode.swift; path = AppDelegate.swift; sourceTree = "<group>"; };
		B0F56622233DD18E001D0674 /* SceneDelegate.swift */ = {isa = PBXFileReference; lastKnownFileType = sourcecode.swift; path = SceneDelegate.swift; sourceTree = "<group>"; };
		B0F56624233DD18E001D0674 /* ViewController.swift */ = {isa = PBXFileReference; lastKnownFileType = sourcecode.swift; path = ViewController.swift; sourceTree = "<group>"; };
		B0F56627233DD18E001D0674 /* Base */ = {isa = PBXFileReference; lastKnownFileType = file.storyboard; name = Base; path = Base.lproj/Main.storyboard; sourceTree = "<group>"; };
		B0F5662A233DD18E001D0674 /* PetPal.xcdatamodel */ = {isa = PBXFileReference; lastKnownFileType = wrapper.xcdatamodel; path = PetPal.xcdatamodel; sourceTree = "<group>"; };
		B0F5662C233DD18F001D0674 /* Assets.xcassets */ = {isa = PBXFileReference; lastKnownFileType = folder.assetcatalog; path = Assets.xcassets; sourceTree = "<group>"; };
		B0F5662F233DD18F001D0674 /* Base */ = {isa = PBXFileReference; lastKnownFileType = file.storyboard; name = Base; path = Base.lproj/LaunchScreen.storyboard; sourceTree = "<group>"; };
		B0F56631233DD18F001D0674 /* Info.plist */ = {isa = PBXFileReference; lastKnownFileType = text.plist.xml; path = Info.plist; sourceTree = "<group>"; };
/* End PBXFileReference section */

/* Begin PBXFrameworksBuildPhase section */
		B0F5661A233DD18E001D0674 /* Frameworks */ = {
			isa = PBXFrameworksBuildPhase;
			buildActionMask = 2147483647;
			files = (
			);
			runOnlyForDeploymentPostprocessing = 0;
		};
/* End PBXFrameworksBuildPhase section */

/* Begin PBXGroup section */
		B0496215233DDB5C00073703 /* Data */ = {
			isa = PBXGroup;
			children = (
				B0496212233DDAE800073703 /* Friend+CoreDataProperties.swift */,
				B0496211233DDAE800073703 /* Friend+CoreDataClass.swift */,
			);
			path = Data;
			sourceTree = "<group>";
		};
		B0F56614233DD18E001D0674 = {
			isa = PBXGroup;
			children = (
				B0F5661F233DD18E001D0674 /* PetPal */,
				B0F5661E233DD18E001D0674 /* Products */,
			);
			sourceTree = "<group>";
		};
		B0F5661E233DD18E001D0674 /* Products */ = {
			isa = PBXGroup;
			children = (
				B0F5661D233DD18E001D0674 /* PetPal.app */,
			);
			name = Products;
			sourceTree = "<group>";
		};
		B0F5661F233DD18E001D0674 /* PetPal */ = {
			isa = PBXGroup;
			children = (
				B0496215233DDB5C00073703 /* Data */,
				B0F56637233DD214001D0674 /* Resources */,
				B0F56620233DD18E001D0674 /* AppDelegate.swift */,
				B0F56622233DD18E001D0674 /* SceneDelegate.swift */,
				B0F56624233DD18E001D0674 /* ViewController.swift */,
				B0F56631233DD18F001D0674 /* Info.plist */,
			);
			path = PetPal;
			sourceTree = "<group>";
		};
		B0F56637233DD214001D0674 /* Resources */ = {
			isa = PBXGroup;
			children = (
				B0F56626233DD18E001D0674 /* Main.storyboard */,
				B0F5662C233DD18F001D0674 /* Assets.xcassets */,
				B0F5662E233DD18F001D0674 /* LaunchScreen.storyboard */,
				B0F56629233DD18E001D0674 /* PetPal.xcdatamodeld */,
			);
			path = Resources;
			sourceTree = "<group>";
		};
/* End PBXGroup section */

/* Begin PBXNativeTarget section */
		B0F5661C233DD18E001D0674 /* PetPal */ = {
			isa = PBXNativeTarget;
			buildConfigurationList = B0F56634233DD18F001D0674 /* Build configuration list for PBXNativeTarget "PetPal" */;
			buildPhases = (
				B0F56619233DD18E001D0674 /* Sources */,
				B0F5661A233DD18E001D0674 /* Frameworks */,
				B0F5661B233DD18E001D0674 /* Resources */,
			);
			buildRules = (
			);
			dependencies = (
			);
			name = PetPal;
			productName = PetPal;
			productReference = B0F5661D233DD18E001D0674 /* PetPal.app */;
			productType = "com.apple.product-type.application";
		};
/* End PBXNativeTarget section */

/* Begin PBXProject section */
		B0F56615233DD18E001D0674 /* Project object */ = {
			isa = PBXProject;
			attributes = {
				LastSwiftUpdateCheck = 1100;
				LastUpgradeCheck = 1100;
				ORGANIZATIONNAME = "Rajesh Narayana Rao";
				TargetAttributes = {
					B0F5661C233DD18E001D0674 = {
						CreatedOnToolsVersion = 11.0;
					};
				};
			};
			buildConfigurationList = B0F56618233DD18E001D0674 /* Build configuration list for PBXProject "PetPal" */;
			compatibilityVersion = "Xcode 9.3";
			developmentRegion = en;
			hasScannedForEncodings = 0;
			knownRegions = (
				en,
				Base,
			);
			mainGroup = B0F56614233DD18E001D0674;
			productRefGroup = B0F5661E233DD18E001D0674 /* Products */;
			projectDirPath = "";
			projectRoot = "";
			targets = (
				B0F5661C233DD18E001D0674 /* PetPal */,
			);
		};
/* End PBXProject section */

/* Begin PBXResourcesBuildPhase section */
		B0F5661B233DD18E001D0674 /* Resources */ = {
			isa = PBXResourcesBuildPhase;
			buildActionMask = 2147483647;
			files = (
				B0F56630233DD18F001D0674 /* LaunchScreen.storyboard in Resources */,
				B0F5662D233DD18F001D0674 /* Assets.xcassets in Resources */,
				B0F56628233DD18E001D0674 /* Main.storyboard in Resources */,
			);
			runOnlyForDeploymentPostprocessing = 0;
		};
/* End PBXResourcesBuildPhase section */

/* Begin PBXSourcesBuildPhase section */
		B0F56619233DD18E001D0674 /* Sources */ = {
			isa = PBXSourcesBuildPhase;
			buildActionMask = 2147483647;
			files = (
				B0F56625233DD18E001D0674 /* ViewController.swift in Sources */,
				B0496213233DDAE800073703 /* Friend+CoreDataClass.swift in Sources */,
				B0F5662B233DD18E001D0674 /* PetPal.xcdatamodeld in Sources */,
				B0F56621233DD18E001D0674 /* AppDelegate.swift in Sources */,
				B0F56623233DD18E001D0674 /* SceneDelegate.swift in Sources */,
				B0496214233DDAE800073703 /* Friend+CoreDataProperties.swift in Sources */,
			);
			runOnlyForDeploymentPostprocessing = 0;
		};
/* End PBXSourcesBuildPhase section */

/* Begin PBXVariantGroup section */
		B0F56626233DD18E001D0674 /* Main.storyboard */ = {
			isa = PBXVariantGroup;
			children = (
				B0F56627233DD18E001D0674 /* Base */,
			);
			name = Main.storyboard;
			sourceTree = "<group>";
		};
		B0F5662E233DD18F001D0674 /* LaunchScreen.storyboard */ = {
			isa = PBXVariantGroup;
			children = (
				B0F5662F233DD18F001D0674 /* Base */,
			);
			name = LaunchScreen.storyboard;
			sourceTree = "<group>";
		};
/* End PBXVariantGroup section */

/* Begin XCBuildConfiguration section */
		B0F56632233DD18F001D0674 /* Debug */ = {
			isa = XCBuildConfiguration;
			buildSettings = {
				ALWAYS_SEARCH_USER_PATHS = NO;
				CLANG_ANALYZER_NONNULL = YES;
				CLANG_ANALYZER_NUMBER_OBJECT_CONVERSION = YES_AGGRESSIVE;
				CLANG_CXX_LANGUAGE_STANDARD = "gnu++14";
				CLANG_CXX_LIBRARY = "libc++";
				CLANG_ENABLE_MODULES = YES;
				CLANG_ENABLE_OBJC_ARC = YES;
				CLANG_ENABLE_OBJC_WEAK = YES;
				CLANG_WARN_BLOCK_CAPTURE_AUTORELEASING = YES;
				CLANG_WARN_BOOL_CONVERSION = YES;
				CLANG_WARN_COMMA = YES;
				CLANG_WARN_CONSTANT_CONVERSION = YES;
				CLANG_WARN_DEPRECATED_OBJC_IMPLEMENTATIONS = YES;
				CLANG_WARN_DIRECT_OBJC_ISA_USAGE = YES_ERROR;
				CLANG_WARN_DOCUMENTATION_COMMENTS = YES;
				CLANG_WARN_EMPTY_BODY = YES;
				CLANG_WARN_ENUM_CONVERSION = YES;
				CLANG_WARN_INFINITE_RECURSION = YES;
				CLANG_WARN_INT_CONVERSION = YES;
				CLANG_WARN_NON_LITERAL_NULL_CONVERSION = YES;
				CLANG_WARN_OBJC_IMPLICIT_RETAIN_SELF = YES;
				CLANG_WARN_OBJC_LITERAL_CONVERSION = YES;
				CLANG_WARN_OBJC_ROOT_CLASS = YES_ERROR;
				CLANG_WARN_RANGE_LOOP_ANALYSIS = YES;
				CLANG_WARN_STRICT_PROTOTYPES = YES;
				CLANG_WARN_SUSPICIOUS_MOVE = YES;
				CLANG_WARN_UNGUARDED_AVAILABILITY = YES_AGGRESSIVE;
				CLANG_WARN_UNREACHABLE_CODE = YES;
				CLANG_WARN__DUPLICATE_METHOD_MATCH = YES;
				COPY_PHASE_STRIP = NO;
				DEBUG_INFORMATION_FORMAT = dwarf;
				ENABLE_STRICT_OBJC_MSGSEND = YES;
				ENABLE_TESTABILITY = YES;
				GCC_C_LANGUAGE_STANDARD = gnu11;
				GCC_DYNAMIC_NO_PIC = NO;
				GCC_NO_COMMON_BLOCKS = YES;
				GCC_OPTIMIZATION_LEVEL = 0;
				GCC_PREPROCESSOR_DEFINITIONS = (
					"DEBUG=1",
					"$(inherited)",
				);
				GCC_WARN_64_TO_32_BIT_CONVERSION = YES;
				GCC_WARN_ABOUT_RETURN_TYPE = YES_ERROR;
				GCC_WARN_UNDECLARED_SELECTOR = YES;
				GCC_WARN_UNINITIALIZED_AUTOS = YES_AGGRESSIVE;
				GCC_WARN_UNUSED_FUNCTION = YES;
				GCC_WARN_UNUSED_VARIABLE = YES;
				IPHONEOS_DEPLOYMENT_TARGET = 13.0;
				MTL_ENABLE_DEBUG_INFO = INCLUDE_SOURCE;
				MTL_FAST_MATH = YES;
				ONLY_ACTIVE_ARCH = YES;
				SDKROOT = iphoneos;
				SWIFT_ACTIVE_COMPILATION_CONDITIONS = DEBUG;
				SWIFT_OPTIMIZATION_LEVEL = "-Onone";
			};
			name = Debug;
		};
		B0F56633233DD18F001D0674 /* Release */ = {
			isa = XCBuildConfiguration;
			buildSettings = {
				ALWAYS_SEARCH_USER_PATHS = NO;
				CLANG_ANALYZER_NONNULL = YES;
				CLANG_ANALYZER_NUMBER_OBJECT_CONVERSION = YES_AGGRESSIVE;
				CLANG_CXX_LANGUAGE_STANDARD = "gnu++14";
				CLANG_CXX_LIBRARY = "libc++";
				CLANG_ENABLE_MODULES = YES;
				CLANG_ENABLE_OBJC_ARC = YES;
				CLANG_ENABLE_OBJC_WEAK = YES;
				CLANG_WARN_BLOCK_CAPTURE_AUTORELEASING = YES;
				CLANG_WARN_BOOL_CONVERSION = YES;
				CLANG_WARN_COMMA = YES;
				CLANG_WARN_CONSTANT_CONVERSION = YES;
				CLANG_WARN_DEPRECATED_OBJC_IMPLEMENTATIONS = YES;
				CLANG_WARN_DIRECT_OBJC_ISA_USAGE = YES_ERROR;
				CLANG_WARN_DOCUMENTATION_COMMENTS = YES;
				CLANG_WARN_EMPTY_BODY = YES;
				CLANG_WARN_ENUM_CONVERSION = YES;
				CLANG_WARN_INFINITE_RECURSION = YES;
				CLANG_WARN_INT_CONVERSION = YES;
				CLANG_WARN_NON_LITERAL_NULL_CONVERSION = YES;
				CLANG_WARN_OBJC_IMPLICIT_RETAIN_SELF = YES;
				CLANG_WARN_OBJC_LITERAL_CONVERSION = YES;
				CLANG_WARN_OBJC_ROOT_CLASS = YES_ERROR;
				CLANG_WARN_RANGE_LOOP_ANALYSIS = YES;
				CLANG_WARN_STRICT_PROTOTYPES = YES;
				CLANG_WARN_SUSPICIOUS_MOVE = YES;
				CLANG_WARN_UNGUARDED_AVAILABILITY = YES_AGGRESSIVE;
				CLANG_WARN_UNREACHABLE_CODE = YES;
				CLANG_WARN__DUPLICATE_METHOD_MATCH = YES;
				COPY_PHASE_STRIP = NO;
				DEBUG_INFORMATION_FORMAT = "dwarf-with-dsym";
				ENABLE_NS_ASSERTIONS = NO;
				ENABLE_STRICT_OBJC_MSGSEND = YES;
				GCC_C_LANGUAGE_STANDARD = gnu11;
				GCC_NO_COMMON_BLOCKS = YES;
				GCC_WARN_64_TO_32_BIT_CONVERSION = YES;
				GCC_WARN_ABOUT_RETURN_TYPE = YES_ERROR;
				GCC_WARN_UNDECLARED_SELECTOR = YES;
				GCC_WARN_UNINITIALIZED_AUTOS = YES_AGGRESSIVE;
				GCC_WARN_UNUSED_FUNCTION = YES;
				GCC_WARN_UNUSED_VARIABLE = YES;
				IPHONEOS_DEPLOYMENT_TARGET = 13.0;
				MTL_ENABLE_DEBUG_INFO = NO;
				MTL_FAST_MATH = YES;
				SDKROOT = iphoneos;
				SWIFT_COMPILATION_MODE = wholemodule;
				SWIFT_OPTIMIZATION_LEVEL = "-O";
				VALIDATE_PRODUCT = YES;
			};
			name = Release;
		};
		B0F56635233DD18F001D0674 /* Debug */ = {
			isa = XCBuildConfiguration;
			buildSettings = {
				ASSETCATALOG_COMPILER_APPICON_NAME = AppIcon;
				CODE_SIGN_STYLE = Automatic;
				INFOPLIST_FILE = PetPal/Info.plist;
				LD_RUNPATH_SEARCH_PATHS = (
					"$(inherited)",
					"@executable_path/Frameworks",
				);
				PRODUCT_BUNDLE_IDENTIFIER = com.rajeshnarayanarao.PetPal;
				PRODUCT_NAME = "$(TARGET_NAME)";
				SWIFT_VERSION = 5.0;
				TARGETED_DEVICE_FAMILY = "1,2";
			};
			name = Debug;
		};
		B0F56636233DD18F001D0674 /* Release */ = {
			isa = XCBuildConfiguration;
			buildSettings = {
				ASSETCATALOG_COMPILER_APPICON_NAME = AppIcon;
				CODE_SIGN_STYLE = Automatic;
				INFOPLIST_FILE = PetPal/Info.plist;
				LD_RUNPATH_SEARCH_PATHS = (
					"$(inherited)",
					"@executable_path/Frameworks",
				);
				PRODUCT_BUNDLE_IDENTIFIER = com.rajeshnarayanarao.PetPal;
				PRODUCT_NAME = "$(TARGET_NAME)";
				SWIFT_VERSION = 5.0;
				TARGETED_DEVICE_FAMILY = "1,2";
			};
			name = Release;
		};
/* End XCBuildConfiguration section */

/* Begin XCConfigurationList section */
		B0F56618233DD18E001D0674 /* Build configuration list for PBXProject "PetPal" */ = {
			isa = XCConfigurationList;
			buildConfigurations = (
				B0F56632233DD18F001D0674 /* Debug */,
				B0F56633233DD18F001D0674 /* Release */,
			);
			defaultConfigurationIsVisible = 0;
			defaultConfigurationName = Release;
		};
		B0F56634233DD18F001D0674 /* Build configuration list for PBXNativeTarget "PetPal" */ = {
			isa = XCConfigurationList;
			buildConfigurations = (
				B0F56635233DD18F001D0674 /* Debug */,
				B0F56636233DD18F001D0674 /* Release */,
			);
			defaultConfigurationIsVisible = 0;
			defaultConfigurationName = Release;
		};
/* End XCConfigurationList section */

/* Begin XCVersionGroup section */
		B0F56629233DD18E001D0674 /* PetPal.xcdatamodeld */ = {
			isa = XCVersionGroup;
			children = (
				B0F5662A233DD18E001D0674 /* PetPal.xcdatamodel */,
			);
			currentVersion = B0F5662A233DD18E001D0674 /* PetPal.xcdatamodel */;
			name = PetPal.xcdatamodeld;
			path = ../PetPal.xcdatamodeld;
			sourceTree = "<group>";
			versionGroupType = wrapper.xcdatamodel;
		};
/* End XCVersionGroup section */
	};
	rootObject = B0F56615233DD18E001D0674 /* Project object */;
}
