// !$*UTF8*$!
{
	archiveVersion = 1;
	classes = {
	};
	objectVersion = 50;
	objects = {

/* Begin PBXBuildFile section */
		B073133C2339ACE100E7F24D /* AppDelegate.swift in Sources */ = {isa = PBXBuildFile; fileRef = B073133B2339ACE100E7F24D /* AppDelegate.swift */; };
		B073133E2339ACE100E7F24D /* GameScene.sks in Resources */ = {isa = PBXBuildFile; fileRef = B073133D2339ACE100E7F24D /* GameScene.sks */; };
		B07313402339ACE100E7F24D /* Actions.sks in Resources */ = {isa = PBXBuildFile; fileRef = B073133F2339ACE100E7F24D /* Actions.sks */; };
		B07313422339ACE100E7F24D /* GameScene.swift in Sources */ = {isa = PBXBuildFile; fileRef = B07313412339ACE100E7F24D /* GameScene.swift */; };
		B07313442339ACE100E7F24D /* GameViewController.swift in Sources */ = {isa = PBXBuildFile; fileRef = B07313432339ACE100E7F24D /* GameViewController.swift */; };
		B07313472339ACE100E7F24D /* Main.storyboard in Resources */ = {isa = PBXBuildFile; fileRef = B07313452339ACE100E7F24D /* Main.storyboard */; };
		B07313492339ACE400E7F24D /* Assets.xcassets in Resources */ = {isa = PBXBuildFile; fileRef = B07313482339ACE400E7F24D /* Assets.xcassets */; };
		B073134C2339ACE400E7F24D /* LaunchScreen.storyboard in Resources */ = {isa = PBXBuildFile; fileRef = B073134A2339ACE400E7F24D /* LaunchScreen.storyboard */; };
/* End PBXBuildFile section */

/* Begin PBXFileReference section */
		B07313382339ACE100E7F24D /* AskTwig2.app */ = {isa = PBXFileReference; explicitFileType = wrapper.application; includeInIndex = 0; path = AskTwig2.app; sourceTree = BUILT_PRODUCTS_DIR; };
		B073133B2339ACE100E7F24D /* AppDelegate.swift */ = {isa = PBXFileReference; lastKnownFileType = sourcecode.swift; path = AppDelegate.swift; sourceTree = "<group>"; };
		B073133D2339ACE100E7F24D /* GameScene.sks */ = {isa = PBXFileReference; lastKnownFileType = file.sks; path = GameScene.sks; sourceTree = "<group>"; };
		B073133F2339ACE100E7F24D /* Actions.sks */ = {isa = PBXFileReference; lastKnownFileType = file.sks; path = Actions.sks; sourceTree = "<group>"; };
		B07313412339ACE100E7F24D /* GameScene.swift */ = {isa = PBXFileReference; lastKnownFileType = sourcecode.swift; path = GameScene.swift; sourceTree = "<group>"; };
		B07313432339ACE100E7F24D /* GameViewController.swift */ = {isa = PBXFileReference; lastKnownFileType = sourcecode.swift; path = GameViewController.swift; sourceTree = "<group>"; };
		B07313462339ACE100E7F24D /* Base */ = {isa = PBXFileReference; lastKnownFileType = file.storyboard; name = Base; path = Base.lproj/Main.storyboard; sourceTree = "<group>"; };
		B07313482339ACE400E7F24D /* Assets.xcassets */ = {isa = PBXFileReference; lastKnownFileType = folder.assetcatalog; path = Assets.xcassets; sourceTree = "<group>"; };
		B073134B2339ACE400E7F24D /* Base */ = {isa = PBXFileReference; lastKnownFileType = file.storyboard; name = Base; path = Base.lproj/LaunchScreen.storyboard; sourceTree = "<group>"; };
		B073134D2339ACE400E7F24D /* Info.plist */ = {isa = PBXFileReference; lastKnownFileType = text.plist.xml; path = Info.plist; sourceTree = "<group>"; };
/* End PBXFileReference section */

/* Begin PBXFrameworksBuildPhase section */
		B07313352339ACE100E7F24D /* Frameworks */ = {
			isa = PBXFrameworksBuildPhase;
			buildActionMask = 2147483647;
			files = (
			);
			runOnlyForDeploymentPostprocessing = 0;
		};
/* End PBXFrameworksBuildPhase section */

/* Begin PBXGroup section */
		B073132F2339ACE100E7F24D = {
			isa = PBXGroup;
			children = (
				B073133A2339ACE100E7F24D /* AskTwig2 */,
				B07313392339ACE100E7F24D /* Products */,
			);
			sourceTree = "<group>";
		};
		B07313392339ACE100E7F24D /* Products */ = {
			isa = PBXGroup;
			children = (
				B07313382339ACE100E7F24D /* AskTwig2.app */,
			);
			name = Products;
			sourceTree = "<group>";
		};
		B073133A2339ACE100E7F24D /* AskTwig2 */ = {
			isa = PBXGroup;
			children = (
				B073133B2339ACE100E7F24D /* AppDelegate.swift */,
				B073133D2339ACE100E7F24D /* GameScene.sks */,
				B073133F2339ACE100E7F24D /* Actions.sks */,
				B07313412339ACE100E7F24D /* GameScene.swift */,
				B07313432339ACE100E7F24D /* GameViewController.swift */,
				B07313452339ACE100E7F24D /* Main.storyboard */,
				B07313482339ACE400E7F24D /* Assets.xcassets */,
				B073134A2339ACE400E7F24D /* LaunchScreen.storyboard */,
				B073134D2339ACE400E7F24D /* Info.plist */,
			);
			path = AskTwig2;
			sourceTree = "<group>";
		};
/* End PBXGroup section */

/* Begin PBXNativeTarget section */
		B07313372339ACE100E7F24D /* AskTwig2 */ = {
			isa = PBXNativeTarget;
			buildConfigurationList = B07313502339ACE400E7F24D /* Build configuration list for PBXNativeTarget "AskTwig2" */;
			buildPhases = (
				B07313342339ACE100E7F24D /* Sources */,
				B07313352339ACE100E7F24D /* Frameworks */,
				B07313362339ACE100E7F24D /* Resources */,
			);
			buildRules = (
			);
			dependencies = (
			);
			name = AskTwig2;
			productName = AskTwig2;
			productReference = B07313382339ACE100E7F24D /* AskTwig2.app */;
			productType = "com.apple.product-type.application";
		};
/* End PBXNativeTarget section */

/* Begin PBXProject section */
		B07313302339ACE100E7F24D /* Project object */ = {
			isa = PBXProject;
			attributes = {
				LastSwiftUpdateCheck = 1100;
				LastUpgradeCheck = 1100;
				ORGANIZATIONNAME = "Rajesh Narayana Rao";
				TargetAttributes = {
					B07313372339ACE100E7F24D = {
						CreatedOnToolsVersion = 11.0;
					};
				};
			};
			buildConfigurationList = B07313332339ACE100E7F24D /* Build configuration list for PBXProject "AskTwig2" */;
			compatibilityVersion = "Xcode 9.3";
			developmentRegion = en;
			hasScannedForEncodings = 0;
			knownRegions = (
				en,
				Base,
			);
			mainGroup = B073132F2339ACE100E7F24D;
			productRefGroup = B07313392339ACE100E7F24D /* Products */;
			projectDirPath = "";
			projectRoot = "";
			targets = (
				B07313372339ACE100E7F24D /* AskTwig2 */,
			);
		};
/* End PBXProject section */

/* Begin PBXResourcesBuildPhase section */
		B07313362339ACE100E7F24D /* Resources */ = {
			isa = PBXResourcesBuildPhase;
			buildActionMask = 2147483647;
			files = (
				B07313472339ACE100E7F24D /* Main.storyboard in Resources */,
				B073133E2339ACE100E7F24D /* GameScene.sks in Resources */,
				B07313492339ACE400E7F24D /* Assets.xcassets in Resources */,
				B073134C2339ACE400E7F24D /* LaunchScreen.storyboard in Resources */,
				B07313402339ACE100E7F24D /* Actions.sks in Resources */,
			);
			runOnlyForDeploymentPostprocessing = 0;
		};
/* End PBXResourcesBuildPhase section */

/* Begin PBXSourcesBuildPhase section */
		B07313342339ACE100E7F24D /* Sources */ = {
			isa = PBXSourcesBuildPhase;
			buildActionMask = 2147483647;
			files = (
				B07313422339ACE100E7F24D /* GameScene.swift in Sources */,
				B07313442339ACE100E7F24D /* GameViewController.swift in Sources */,
				B073133C2339ACE100E7F24D /* AppDelegate.swift in Sources */,
			);
			runOnlyForDeploymentPostprocessing = 0;
		};
/* End PBXSourcesBuildPhase section */

/* Begin PBXVariantGroup section */
		B07313452339ACE100E7F24D /* Main.storyboard */ = {
			isa = PBXVariantGroup;
			children = (
				B07313462339ACE100E7F24D /* Base */,
			);
			name = Main.storyboard;
			sourceTree = "<group>";
		};
		B073134A2339ACE400E7F24D /* LaunchScreen.storyboard */ = {
			isa = PBXVariantGroup;
			children = (
				B073134B2339ACE400E7F24D /* Base */,
			);
			name = LaunchScreen.storyboard;
			sourceTree = "<group>";
		};
/* End PBXVariantGroup section */

/* Begin XCBuildConfiguration section */
		B073134E2339ACE400E7F24D /* Debug */ = {
			isa = XCBuildConfiguration;
			buildSettings = {
				ALWAYS_SEARCH_USER_PATHS = NO;
				CLANG_ANALYZER_NONNULL = YES;
				CLANG_ANALYZER_NUMBER_OBJECT_CONVERSION = YES_AGGRESSIVE;
				CLANG_CXX_LANGUAGE_STANDARD = "gnu++14";
				CLANG_CXX_LIBRARY = "libc++";
				CLANG_ENABLE_MODULES = YES;
				CLANG_ENABLE_OBJC_ARC = YES;
				CLANG_ENABLE_OBJC_WEAK = YES;
				CLANG_WARN_BLOCK_CAPTURE_AUTORELEASING = YES;
				CLANG_WARN_BOOL_CONVERSION = YES;
				CLANG_WARN_COMMA = YES;
				CLANG_WARN_CONSTANT_CONVERSION = YES;
				CLANG_WARN_DEPRECATED_OBJC_IMPLEMENTATIONS = YES;
				CLANG_WARN_DIRECT_OBJC_ISA_USAGE = YES_ERROR;
				CLANG_WARN_DOCUMENTATION_COMMENTS = YES;
				CLANG_WARN_EMPTY_BODY = YES;
				CLANG_WARN_ENUM_CONVERSION = YES;
				CLANG_WARN_INFINITE_RECURSION = YES;
				CLANG_WARN_INT_CONVERSION = YES;
				CLANG_WARN_NON_LITERAL_NULL_CONVERSION = YES;
				CLANG_WARN_OBJC_IMPLICIT_RETAIN_SELF = YES;
				CLANG_WARN_OBJC_LITERAL_CONVERSION = YES;
				CLANG_WARN_OBJC_ROOT_CLASS = YES_ERROR;
				CLANG_WARN_RANGE_LOOP_ANALYSIS = YES;
				CLANG_WARN_STRICT_PROTOTYPES = YES;
				CLANG_WARN_SUSPICIOUS_MOVE = YES;
				CLANG_WARN_UNGUARDED_AVAILABILITY = YES_AGGRESSIVE;
				CLANG_WARN_UNREACHABLE_CODE = YES;
				CLANG_WARN__DUPLICATE_METHOD_MATCH = YES;
				COPY_PHASE_STRIP = NO;
				DEBUG_INFORMATION_FORMAT = dwarf;
				ENABLE_STRICT_OBJC_MSGSEND = YES;
				ENABLE_TESTABILITY = YES;
				GCC_C_LANGUAGE_STANDARD = gnu11;
				GCC_DYNAMIC_NO_PIC = NO;
				GCC_NO_COMMON_BLOCKS = YES;
				GCC_OPTIMIZATION_LEVEL = 0;
				GCC_PREPROCESSOR_DEFINITIONS = (
					"DEBUG=1",
					"$(inherited)",
				);
				GCC_WARN_64_TO_32_BIT_CONVERSION = YES;
				GCC_WARN_ABOUT_RETURN_TYPE = YES_ERROR;
				GCC_WARN_UNDECLARED_SELECTOR = YES;
				GCC_WARN_UNINITIALIZED_AUTOS = YES_AGGRESSIVE;
				GCC_WARN_UNUSED_FUNCTION = YES;
				GCC_WARN_UNUSED_VARIABLE = YES;
				IPHONEOS_DEPLOYMENT_TARGET = 13.0;
				MTL_ENABLE_DEBUG_INFO = INCLUDE_SOURCE;
				MTL_FAST_MATH = YES;
				ONLY_ACTIVE_ARCH = YES;
				SDKROOT = iphoneos;
				SWIFT_ACTIVE_COMPILATION_CONDITIONS = DEBUG;
				SWIFT_OPTIMIZATION_LEVEL = "-Onone";
			};
			name = Debug;
		};
		B073134F2339ACE400E7F24D /* Release */ = {
			isa = XCBuildConfiguration;
			buildSettings = {
				ALWAYS_SEARCH_USER_PATHS = NO;
				CLANG_ANALYZER_NONNULL = YES;
				CLANG_ANALYZER_NUMBER_OBJECT_CONVERSION = YES_AGGRESSIVE;
				CLANG_CXX_LANGUAGE_STANDARD = "gnu++14";
				CLANG_CXX_LIBRARY = "libc++";
				CLANG_ENABLE_MODULES = YES;
				CLANG_ENABLE_OBJC_ARC = YES;
				CLANG_ENABLE_OBJC_WEAK = YES;
				CLANG_WARN_BLOCK_CAPTURE_AUTORELEASING = YES;
				CLANG_WARN_BOOL_CONVERSION = YES;
				CLANG_WARN_COMMA = YES;
				CLANG_WARN_CONSTANT_CONVERSION = YES;
				CLANG_WARN_DEPRECATED_OBJC_IMPLEMENTATIONS = YES;
				CLANG_WARN_DIRECT_OBJC_ISA_USAGE = YES_ERROR;
				CLANG_WARN_DOCUMENTATION_COMMENTS = YES;
				CLANG_WARN_EMPTY_BODY = YES;
				CLANG_WARN_ENUM_CONVERSION = YES;
				CLANG_WARN_INFINITE_RECURSION = YES;
				CLANG_WARN_INT_CONVERSION = YES;
				CLANG_WARN_NON_LITERAL_NULL_CONVERSION = YES;
				CLANG_WARN_OBJC_IMPLICIT_RETAIN_SELF = YES;
				CLANG_WARN_OBJC_LITERAL_CONVERSION = YES;
				CLANG_WARN_OBJC_ROOT_CLASS = YES_ERROR;
				CLANG_WARN_RANGE_LOOP_ANALYSIS = YES;
				CLANG_WARN_STRICT_PROTOTYPES = YES;
				CLANG_WARN_SUSPICIOUS_MOVE = YES;
				CLANG_WARN_UNGUARDED_AVAILABILITY = YES_AGGRESSIVE;
				CLANG_WARN_UNREACHABLE_CODE = YES;
				CLANG_WARN__DUPLICATE_METHOD_MATCH = YES;
				COPY_PHASE_STRIP = NO;
				DEBUG_INFORMATION_FORMAT = "dwarf-with-dsym";
				ENABLE_NS_ASSERTIONS = NO;
				ENABLE_STRICT_OBJC_MSGSEND = YES;
				GCC_C_LANGUAGE_STANDARD = gnu11;
				GCC_NO_COMMON_BLOCKS = YES;
				GCC_WARN_64_TO_32_BIT_CONVERSION = YES;
				GCC_WARN_ABOUT_RETURN_TYPE = YES_ERROR;
				GCC_WARN_UNDECLARED_SELECTOR = YES;
				GCC_WARN_UNINITIALIZED_AUTOS = YES_AGGRESSIVE;
				GCC_WARN_UNUSED_FUNCTION = YES;
				GCC_WARN_UNUSED_VARIABLE = YES;
				IPHONEOS_DEPLOYMENT_TARGET = 13.0;
				MTL_ENABLE_DEBUG_INFO = NO;
				MTL_FAST_MATH = YES;
				SDKROOT = iphoneos;
				SWIFT_COMPILATION_MODE = wholemodule;
				SWIFT_OPTIMIZATION_LEVEL = "-O";
				VALIDATE_PRODUCT = YES;
			};
			name = Release;
		};
		B07313512339ACE400E7F24D /* Debug */ = {
			isa = XCBuildConfiguration;
			buildSettings = {
				ASSETCATALOG_COMPILER_APPICON_NAME = AppIcon;
				CODE_SIGN_STYLE = Automatic;
				INFOPLIST_FILE = AskTwig2/Info.plist;
				LD_RUNPATH_SEARCH_PATHS = (
					"$(inherited)",
					"@executable_path/Frameworks",
				);
				PRODUCT_BUNDLE_IDENTIFIER = com.rajeshnarayanarao.AskTwig2;
				PRODUCT_NAME = "$(TARGET_NAME)";
				SWIFT_VERSION = 5.0;
				TARGETED_DEVICE_FAMILY = "1,2";
			};
			name = Debug;
		};
		B07313522339ACE400E7F24D /* Release */ = {
			isa = XCBuildConfiguration;
			buildSettings = {
				ASSETCATALOG_COMPILER_APPICON_NAME = AppIcon;
				CODE_SIGN_STYLE = Automatic;
				INFOPLIST_FILE = AskTwig2/Info.plist;
				LD_RUNPATH_SEARCH_PATHS = (
					"$(inherited)",
					"@executable_path/Frameworks",
				);
				PRODUCT_BUNDLE_IDENTIFIER = com.rajeshnarayanarao.AskTwig2;
				PRODUCT_NAME = "$(TARGET_NAME)";
				SWIFT_VERSION = 5.0;
				TARGETED_DEVICE_FAMILY = "1,2";
			};
			name = Release;
		};
/* End XCBuildConfiguration section */

/* Begin XCConfigurationList section */
		B07313332339ACE100E7F24D /* Build configuration list for PBXProject "AskTwig2" */ = {
			isa = XCConfigurationList;
			buildConfigurations = (
				B073134E2339ACE400E7F24D /* Debug */,
				B073134F2339ACE400E7F24D /* Release */,
			);
			defaultConfigurationIsVisible = 0;
			defaultConfigurationName = Release;
		};
		B07313502339ACE400E7F24D /* Build configuration list for PBXNativeTarget "AskTwig2" */ = {
			isa = XCConfigurationList;
			buildConfigurations = (
				B07313512339ACE400E7F24D /* Debug */,
				B07313522339ACE400E7F24D /* Release */,
			);
			defaultConfigurationIsVisible = 0;
			defaultConfigurationName = Release;
		};
/* End XCConfigurationList section */
	};
	rootObject = B07313302339ACE100E7F24D /* Project object */;
}
